
Microsoft Visual Studio Solution File, Format Version 12.00
# Visual Studio 15
VisualStudioVersion = 15.0.28010.2026
MinimumVisualStudioVersion = 10.0.40219.1
Project("{FAE04EC0-301F-11D3-BF4B-00C04F79EFBC}") = "BackgroundTask", "BackgroundTask\BackgroundTask.csproj", "{ABBE42B3-B058-43DC-AC11-2269D85905CA}"
EndProject
Project("{FAE04EC0-301F-11D3-BF4B-00C04F79EFBC}") = "Hsf.Redis", "Hsf.Redis\Hsf.Redis.csproj", "{71874639-7A73-41EC-83C8-1312B43172EE}"
EndProject
Global
	GlobalSection(SolutionConfigurationPlatforms) = preSolution
		Debug|Any CPU = Debug|Any CPU
		Release|Any CPU = Release|Any CPU
	EndGlobalSection
	GlobalSection(ProjectConfigurationPlatforms) = postSolution
		{ABBE42B3-B058-43DC-AC11-2269D85905CA}.Debug|Any CPU.ActiveCfg = Debug|Any CPU
		{ABBE42B3-B058-43DC-AC11-2269D85905CA}.Debug|Any CPU.Build.0 = Debug|Any CPU
		{ABBE42B3-B058-43DC-AC11-2269D85905CA}.Release|Any CPU.ActiveCfg = Release|Any CPU
		{ABBE42B3-B058-43DC-AC11-2269D85905CA}.Release|Any CPU.Build.0 = Release|Any CPU
		{71874639-7A73-41EC-83C8-1312B43172EE}.Debug|Any CPU.ActiveCfg = Debug|Any CPU
		{71874639-7A73-41EC-83C8-1312B43172EE}.Debug|Any CPU.Build.0 = Debug|Any CPU
		{71874639-7A73-41EC-83C8-1312B43172EE}.Release|Any CPU.ActiveCfg = Release|Any CPU
		{71874639-7A73-41EC-83C8-1312B43172EE}.Release|Any CPU.Build.0 = Release|Any CPU
	EndGlobalSection
	GlobalSection(SolutionProperties) = preSolution
		HideSolutionNode = FALSE
	EndGlobalSection
	GlobalSection(ExtensibilityGlobals) = postSolution
		SolutionGuid = {647EF014-E770-49B2-A458-9CA655FD78AD}
	EndGlobalSection
EndGlobal
